
Microsoft Visual Studio Solution File, Format Version 12.00
# Visual Studio Version 16
VisualStudioVersion = 16.0.30804.86
MinimumVisualStudioVersion = 10.0.40219.1
Project("{FAE04EC0-301F-11D3-BF4B-00C04F79EFBC}") = "FirstAPI", "FirstAPI.csproj", "{6090E80D-C31C-4FF5-B6AF-E0F8CCA62E03}"
EndProject
Global
	GlobalSection(SolutionConfigurationPlatforms) = preSolution
		Debug|Any CPU = Debug|Any CPU
		Release|Any CPU = Release|Any CPU
	EndGlobalSection
	GlobalSection(ProjectConfigurationPlatforms) = postSolution
		{6090E80D-C31C-4FF5-B6AF-E0F8CCA62E03}.Debug|Any CPU.ActiveCfg = Debug|Any CPU
		{6090E80D-C31C-4FF5-B6AF-E0F8CCA62E03}.Debug|Any CPU.Build.0 = Debug|Any CPU
		{6090E80D-C31C-4FF5-B6AF-E0F8CCA62E03}.Release|Any CPU.ActiveCfg = Release|Any CPU
		{6090E80D-C31C-4FF5-B6AF-E0F8CCA62E03}.Release|Any CPU.Build.0 = Release|Any CPU
	EndGlobalSection
	GlobalSection(SolutionProperties) = preSolution
		HideSolutionNode = FALSE
	EndGlobalSection
	GlobalSection(ExtensibilityGlobals) = postSolution
		SolutionGuid = {C6018C1B-5409-4E78-85FF-23330532986A}
	EndGlobalSection
EndGlobal
