
Microsoft Visual Studio Solution File, Format Version 12.00
# Visual Studio Version 16
VisualStudioVersion = 16.0.30804.86
MinimumVisualStudioVersion = 10.0.40219.1
Project("{FAE04EC0-301F-11D3-BF4B-00C04F79EFBC}") = "Teams", "Teams.csproj", "{800EB2F3-9783-4B73-AF42-536DF5B91A30}"
EndProject
Project("{FAE04EC0-301F-11D3-BF4B-00C04F79EFBC}") = "TeamIntegrationTests", "..\TeamIntegrationTests\TeamIntegrationTests.csproj", "{69BD6FA1-01E0-40A9-B14C-FCF41344907B}"
EndProject
Global
	GlobalSection(SolutionConfigurationPlatforms) = preSolution
		Debug|Any CPU = Debug|Any CPU
		Release|Any CPU = Release|Any CPU
	EndGlobalSection
	GlobalSection(ProjectConfigurationPlatforms) = postSolution
		{800EB2F3-9783-4B73-AF42-536DF5B91A30}.Debug|Any CPU.ActiveCfg = Debug|Any CPU
		{800EB2F3-9783-4B73-AF42-536DF5B91A30}.Debug|Any CPU.Build.0 = Debug|Any CPU
		{800EB2F3-9783-4B73-AF42-536DF5B91A30}.Release|Any CPU.ActiveCfg = Release|Any CPU
		{800EB2F3-9783-4B73-AF42-536DF5B91A30}.Release|Any CPU.Build.0 = Release|Any CPU
		{69BD6FA1-01E0-40A9-B14C-FCF41344907B}.Debug|Any CPU.ActiveCfg = Debug|Any CPU
		{69BD6FA1-01E0-40A9-B14C-FCF41344907B}.Debug|Any CPU.Build.0 = Debug|Any CPU
		{69BD6FA1-01E0-40A9-B14C-FCF41344907B}.Release|Any CPU.ActiveCfg = Release|Any CPU
		{69BD6FA1-01E0-40A9-B14C-FCF41344907B}.Release|Any CPU.Build.0 = Release|Any CPU
	EndGlobalSection
	GlobalSection(SolutionProperties) = preSolution
		HideSolutionNode = FALSE
	EndGlobalSection
	GlobalSection(ExtensibilityGlobals) = postSolution
		SolutionGuid = {60440A8B-10F2-4501-B3E1-156FA2C13F74}
	EndGlobalSection
EndGlobal
